
Microsoft Visual Studio Solution File, Format Version 12.00
# Visual Studio Version 17
VisualStudioVersion = 17.4.33213.308
MinimumVisualStudioVersion = 10.0.40219.1
Project("{9A19103F-16F7-4668-BE54-9A1E7A4F7556}") = "WebApplication3_2", "WebApplication3\WebApplication3_2.csproj", "{D919921A-520C-47BE-9DB6-AC3141DB01CD}"
EndProject
Project("{9A19103F-16F7-4668-BE54-9A1E7A4F7556}") = "DataAccessLayer", "DataAccessLayer\DataAccessLayer.csproj", "{3DB3A48E-2DE5-4168-958D-EC532F711201}"
EndProject
Project("{9A19103F-16F7-4668-BE54-9A1E7A4F7556}") = "DataLibrary", "DataLibrary\DataLibrary.csproj", "{13F1601D-0D3B-497C-9059-82982B4C1C33}"
EndProject
Project("{2150E333-8FDC-42A3-9474-1A3956D46DE8}") = "Solution Items", "Solution Items", "{20520173-2869-4ECD-AB14-DA80AB9B0A94}"
	ProjectSection(SolutionItems) = preProject
		XMLD.xml = XMLD.xml
	EndProjectSection
EndProject
Global
	GlobalSection(SolutionConfigurationPlatforms) = preSolution
		Debug|Any CPU = Debug|Any CPU
		Release|Any CPU = Release|Any CPU
	EndGlobalSection
	GlobalSection(ProjectConfigurationPlatforms) = postSolution
		{D919921A-520C-47BE-9DB6-AC3141DB01CD}.Debug|Any CPU.ActiveCfg = Debug|Any CPU
		{D919921A-520C-47BE-9DB6-AC3141DB01CD}.Debug|Any CPU.Build.0 = Debug|Any CPU
		{D919921A-520C-47BE-9DB6-AC3141DB01CD}.Release|Any CPU.ActiveCfg = Release|Any CPU
		{D919921A-520C-47BE-9DB6-AC3141DB01CD}.Release|Any CPU.Build.0 = Release|Any CPU
		{3DB3A48E-2DE5-4168-958D-EC532F711201}.Debug|Any CPU.ActiveCfg = Debug|Any CPU
		{3DB3A48E-2DE5-4168-958D-EC532F711201}.Debug|Any CPU.Build.0 = Debug|Any CPU
		{3DB3A48E-2DE5-4168-958D-EC532F711201}.Release|Any CPU.ActiveCfg = Release|Any CPU
		{3DB3A48E-2DE5-4168-958D-EC532F711201}.Release|Any CPU.Build.0 = Release|Any CPU
		{13F1601D-0D3B-497C-9059-82982B4C1C33}.Debug|Any CPU.ActiveCfg = Debug|Any CPU
		{13F1601D-0D3B-497C-9059-82982B4C1C33}.Debug|Any CPU.Build.0 = Debug|Any CPU
		{13F1601D-0D3B-497C-9059-82982B4C1C33}.Release|Any CPU.ActiveCfg = Release|Any CPU
		{13F1601D-0D3B-497C-9059-82982B4C1C33}.Release|Any CPU.Build.0 = Release|Any CPU
	EndGlobalSection
	GlobalSection(SolutionProperties) = preSolution
		HideSolutionNode = FALSE
	EndGlobalSection
	GlobalSection(ExtensibilityGlobals) = postSolution
		SolutionGuid = {AF1A83DB-1051-469A-ACCC-7E0FA4A32E90}
	EndGlobalSection
EndGlobal
